
Microsoft Visual Studio Solution File, Format Version 12.00
# Visual Studio Version 16
VisualStudioVersion = 16.0.31702.278
MinimumVisualStudioVersion = 10.0.40219.1
Project("{9A19103F-16F7-4668-BE54-9A1E7A4F7556}") = "SlimeHero.Server", "Server\SlimeHero.Server.csproj", "{E9F99F6E-FA6F-44B0-92B4-091C05F65E54}"
EndProject
Project("{9A19103F-16F7-4668-BE54-9A1E7A4F7556}") = "SlimeHero.Client", "Client\SlimeHero.Client.csproj", "{ABE1822B-F01C-4CE3-B242-F5B3B673E8C7}"
EndProject
Project("{9A19103F-16F7-4668-BE54-9A1E7A4F7556}") = "SlimeHero.Shared", "Shared\SlimeHero.Shared.csproj", "{46814B3C-E167-4DBA-8FA9-79D35DFB9E49}"
EndProject
Project("{2150E333-8FDC-42A3-9474-1A3956D46DE8}") = "Data", "Data", "{DD9CC61E-5673-4D08-B0E3-4A48BFD5753B}"
EndProject
Project("{FAE04EC0-301F-11D3-BF4B-00C04F79EFBC}") = "SlimeHero.Data.Common", "SlimeHero.Data.Common\SlimeHero.Data.Common.csproj", "{177EABEE-CC0E-42A1-ACE3-9AFC50A02EEF}"
EndProject
Global
	GlobalSection(SolutionConfigurationPlatforms) = preSolution
		Debug|Any CPU = Debug|Any CPU
		Release|Any CPU = Release|Any CPU
	EndGlobalSection
	GlobalSection(ProjectConfigurationPlatforms) = postSolution
		{E9F99F6E-FA6F-44B0-92B4-091C05F65E54}.Debug|Any CPU.ActiveCfg = Debug|Any CPU
		{E9F99F6E-FA6F-44B0-92B4-091C05F65E54}.Debug|Any CPU.Build.0 = Debug|Any CPU
		{E9F99F6E-FA6F-44B0-92B4-091C05F65E54}.Release|Any CPU.ActiveCfg = Release|Any CPU
		{E9F99F6E-FA6F-44B0-92B4-091C05F65E54}.Release|Any CPU.Build.0 = Release|Any CPU
		{ABE1822B-F01C-4CE3-B242-F5B3B673E8C7}.Debug|Any CPU.ActiveCfg = Debug|Any CPU
		{ABE1822B-F01C-4CE3-B242-F5B3B673E8C7}.Debug|Any CPU.Build.0 = Debug|Any CPU
		{ABE1822B-F01C-4CE3-B242-F5B3B673E8C7}.Release|Any CPU.ActiveCfg = Release|Any CPU
		{ABE1822B-F01C-4CE3-B242-F5B3B673E8C7}.Release|Any CPU.Build.0 = Release|Any CPU
		{46814B3C-E167-4DBA-8FA9-79D35DFB9E49}.Debug|Any CPU.ActiveCfg = Debug|Any CPU
		{46814B3C-E167-4DBA-8FA9-79D35DFB9E49}.Debug|Any CPU.Build.0 = Debug|Any CPU
		{46814B3C-E167-4DBA-8FA9-79D35DFB9E49}.Release|Any CPU.ActiveCfg = Release|Any CPU
		{46814B3C-E167-4DBA-8FA9-79D35DFB9E49}.Release|Any CPU.Build.0 = Release|Any CPU
		{177EABEE-CC0E-42A1-ACE3-9AFC50A02EEF}.Debug|Any CPU.ActiveCfg = Debug|Any CPU
		{177EABEE-CC0E-42A1-ACE3-9AFC50A02EEF}.Debug|Any CPU.Build.0 = Debug|Any CPU
		{177EABEE-CC0E-42A1-ACE3-9AFC50A02EEF}.Release|Any CPU.ActiveCfg = Release|Any CPU
		{177EABEE-CC0E-42A1-ACE3-9AFC50A02EEF}.Release|Any CPU.Build.0 = Release|Any CPU
	EndGlobalSection
	GlobalSection(SolutionProperties) = preSolution
		HideSolutionNode = FALSE
	EndGlobalSection
	GlobalSection(NestedProjects) = preSolution
		{177EABEE-CC0E-42A1-ACE3-9AFC50A02EEF} = {DD9CC61E-5673-4D08-B0E3-4A48BFD5753B}
	EndGlobalSection
	GlobalSection(ExtensibilityGlobals) = postSolution
		SolutionGuid = {0FEDAB60-DAAF-44BC-91C3-AB3A7DEA4268}
	EndGlobalSection
EndGlobal
